{
    "version": 3,
    "terraform_version": "0.10.7",
    "serial": 163,
    "lineage": "6fd334f9-37d6-4b52-822b-d72932315811",
    "modules": [
        {
            "path": [
                "root"
            ],
            "outputs": {
                "api_url": {
                    "sensitive": false,
                    "type": "string",
                    "value": "https://vnetkniiah.execute-api.us-east-2.amazonaws.com/prod"
                },
                "recordings_s3_bucket_id": {
                    "sensitive": false,
                    "type": "string",
                    "value": "cruhl-magic-recordings"
                },
                "recordings_s3_bucket_url": {
                    "sensitive": false,
                    "type": "string",
                    "value": "cruhl-magic-recordings.s3.amazonaws.com"
                }
            },
            "resources": {
                "aws_api_gateway_deployment.api": {
                    "type": "aws_api_gateway_deployment",
                    "depends_on": [
                        "aws_api_gateway_rest_api.api",
                        "module.incoming_twilio_call",
                        "module.save_twilio_call"
                    ],
                    "primary": {
                        "id": "d3fdbt",
                        "attributes": {
                            "created_date": "2017-10-16T21:23:59Z",
                            "description": "",
                            "execution_arn": "arn:aws:execute-api:us-east-2:695924670447:vnetkniiah/prod",
                            "id": "d3fdbt",
                            "invoke_url": "https://vnetkniiah.execute-api.us-east-2.amazonaws.com/prod",
                            "rest_api_id": "vnetkniiah",
                            "stage_name": "prod"
                        },
                        "meta": {},
                        "tainted": false
                    },
                    "deposed": [],
                    "provider": ""
                },
                "aws_api_gateway_resource.calls": {
                    "type": "aws_api_gateway_resource",
                    "depends_on": [
                        "aws_api_gateway_rest_api.api"
                    ],
                    "primary": {
                        "id": "jphvmv",
                        "attributes": {
                            "id": "jphvmv",
                            "parent_id": "ctpotr1efh",
                            "path": "/calls",
                            "path_part": "calls",
                            "rest_api_id": "vnetkniiah"
                        },
                        "meta": {},
                        "tainted": false
                    },
                    "deposed": [],
                    "provider": ""
                },
                "aws_api_gateway_resource.recordings": {
                    "type": "aws_api_gateway_resource",
                    "depends_on": [
                        "aws_api_gateway_rest_api.api"
                    ],
                    "primary": {
                        "id": "tfxoty",
                        "attributes": {
                            "id": "tfxoty",
                            "parent_id": "ctpotr1efh",
                            "path": "/recordings",
                            "path_part": "recordings",
                            "rest_api_id": "vnetkniiah"
                        },
                        "meta": {},
                        "tainted": false
                    },
                    "deposed": [],
                    "provider": ""
                },
                "aws_api_gateway_rest_api.api": {
                    "type": "aws_api_gateway_rest_api",
                    "depends_on": [],
                    "primary": {
                        "id": "vnetkniiah",
                        "attributes": {
                            "binary_media_types.#": "0",
                            "created_date": "2017-10-16T21:23:34Z",
                            "description": "",
                            "id": "vnetkniiah",
                            "name": "api",
                            "root_resource_id": "ctpotr1efh"
                        },
                        "meta": {},
                        "tainted": false
                    },
                    "deposed": [],
                    "provider": ""
                },
                "aws_iam_role.lambda_role": {
                    "type": "aws_iam_role",
                    "depends_on": [
                        "data.aws_iam_policy_document.lambda_role_policy_document"
                    ],
                    "primary": {
                        "id": "lambda-role",
                        "attributes": {
                            "arn": "arn:aws:iam::695924670447:role/lambda-role",
                            "assume_role_policy": "{\"Version\":\"2012-10-17\",\"Statement\":[{\"Sid\":\"\",\"Effect\":\"Allow\",\"Principal\":{\"Service\":\"lambda.amazonaws.com\"},\"Action\":\"sts:AssumeRole\"}]}",
                            "create_date": "2017-10-18T21:22:02Z",
                            "force_detach_policies": "false",
                            "id": "lambda-role",
                            "name": "lambda-role",
                            "path": "/",
                            "unique_id": "AROAJN3HOJ5ICYNQIWD42"
                        },
                        "meta": {},
                        "tainted": false
                    },
                    "deposed": [],
                    "provider": ""
                },
                "aws_s3_bucket.recordings": {
                    "type": "aws_s3_bucket",
                    "depends_on": [],
                    "primary": {
                        "id": "cruhl-magic-recordings",
                        "attributes": {
                            "acceleration_status": "",
                            "acl": "private",
                            "arn": "arn:aws:s3:::cruhl-magic-recordings",
                            "bucket": "cruhl-magic-recordings",
                            "bucket_domain_name": "cruhl-magic-recordings.s3.amazonaws.com",
                            "force_destroy": "false",
                            "hosted_zone_id": "Z2O1EMRO9K5GLX",
                            "id": "cruhl-magic-recordings",
                            "logging.#": "0",
                            "region": "us-east-2",
                            "request_payer": "BucketOwner",
                            "tags.%": "0",
                            "versioning.#": "1",
                            "versioning.0.enabled": "false",
                            "versioning.0.mfa_delete": "false",
                            "website.#": "0"
                        },
                        "meta": {},
                        "tainted": false
                    },
                    "deposed": [],
                    "provider": ""
                },
                "data.archive_file.lambda_zip_file": {
                    "type": "archive_file",
                    "depends_on": [],
                    "primary": {
                        "id": "362082b897fe01eb8dfab033654970751f939ee8",
                        "attributes": {
                            "id": "362082b897fe01eb8dfab033654970751f939ee8",
                            "output_base64sha256": "AnLPp4im61U+iprWGo1ewIQNQR2aA7/t+JO2qQ1txzA=",
                            "output_md5": "99e452daf6b7edb8f410cdfa26ae95fc",
                            "output_path": "../functions/build.zip",
                            "output_sha": "362082b897fe01eb8dfab033654970751f939ee8",
                            "output_size": "3804356",
                            "source.#": "0",
                            "source_dir": "../functions/build",
                            "type": "zip"
                        },
                        "meta": {},
                        "tainted": false
                    },
                    "deposed": [],
                    "provider": ""
                },
                "data.aws_iam_policy_document.lambda_role_policy_document": {
                    "type": "aws_iam_policy_document",
                    "depends_on": [],
                    "primary": {
                        "id": "3693445097",
                        "attributes": {
                            "id": "3693445097",
                            "json": "{\n  \"Version\": \"2012-10-17\",\n  \"Statement\": [\n    {\n      \"Sid\": \"\",\n      \"Effect\": \"Allow\",\n      \"Action\": \"sts:AssumeRole\",\n      \"Principal\": {\n        \"Service\": \"lambda.amazonaws.com\"\n      }\n    }\n  ]\n}",
                            "statement.#": "1",
                            "statement.0.actions.#": "1",
                            "statement.0.actions.2528466339": "sts:AssumeRole",
                            "statement.0.condition.#": "0",
                            "statement.0.effect": "Allow",
                            "statement.0.not_actions.#": "0",
                            "statement.0.not_principals.#": "0",
                            "statement.0.not_resources.#": "0",
                            "statement.0.principals.#": "1",
                            "statement.0.principals.3118762561.identifiers.#": "1",
                            "statement.0.principals.3118762561.identifiers.2638019528": "lambda.amazonaws.com",
                            "statement.0.principals.3118762561.type": "Service",
                            "statement.0.resources.#": "0",
                            "statement.0.sid": ""
                        },
                        "meta": {},
                        "tainted": false
                    },
                    "deposed": [],
                    "provider": ""
                },
                "data.aws_iam_policy_document.recordings_upload_policy_document": {
                    "type": "aws_iam_policy_document",
                    "depends_on": [
                        "aws_s3_bucket.recordings"
                    ],
                    "primary": {
                        "id": "1653550284",
                        "attributes": {
                            "id": "1653550284",
                            "json": "{\n  \"Version\": \"2012-10-17\",\n  \"Statement\": [\n    {\n      \"Sid\": \"\",\n      \"Effect\": \"Allow\",\n      \"Action\": \"s3:PutObject\",\n      \"Resource\": \"arn:aws:s3:::cruhl-magic-recordings\"\n    }\n  ]\n}",
                            "statement.#": "1",
                            "statement.0.actions.#": "1",
                            "statement.0.actions.315547055": "s3:PutObject",
                            "statement.0.condition.#": "0",
                            "statement.0.effect": "Allow",
                            "statement.0.not_actions.#": "0",
                            "statement.0.not_principals.#": "0",
                            "statement.0.not_resources.#": "0",
                            "statement.0.principals.#": "0",
                            "statement.0.resources.#": "1",
                            "statement.0.resources.3713664060": "arn:aws:s3:::cruhl-magic-recordings",
                            "statement.0.sid": ""
                        },
                        "meta": {},
                        "tainted": false
                    },
                    "deposed": [],
                    "provider": ""
                }
            },
            "depends_on": []
        },
        {
            "path": [
                "root",
                "endpoint"
            ],
            "outputs": {},
            "resources": {},
            "depends_on": []
        },
        {
            "path": [
                "root",
                "incoming_twilio_call"
            ],
            "outputs": {},
            "resources": {
                "aws_api_gateway_integration.integration": {
                    "type": "aws_api_gateway_integration",
                    "depends_on": [
                        "aws_api_gateway_method.method",
                        "aws_lambda_function.lambda_function"
                    ],
                    "primary": {
                        "id": "agi-vnetkniiah-jphvmv-POST",
                        "attributes": {
                            "cache_key_parameters.#": "0",
                            "cache_namespace": "jphvmv",
                            "http_method": "POST",
                            "id": "agi-vnetkniiah-jphvmv-POST",
                            "integration_http_method": "POST",
                            "passthrough_behavior": "WHEN_NO_MATCH",
                            "request_parameters.%": "0",
                            "request_templates.%": "0",
                            "resource_id": "jphvmv",
                            "rest_api_id": "vnetkniiah",
                            "type": "AWS_PROXY",
                            "uri": "arn:aws:apigateway:us-east-2:lambda:path/2015-03-31/functions/arn:aws:lambda:us-east-2:695924670447:function:incoming-twilio-call/invocations"
                        },
                        "meta": {},
                        "tainted": false
                    },
                    "deposed": [],
                    "provider": ""
                },
                "aws_api_gateway_method.method": {
                    "type": "aws_api_gateway_method",
                    "depends_on": [],
                    "primary": {
                        "id": "agm-vnetkniiah-jphvmv-POST",
                        "attributes": {
                            "api_key_required": "false",
                            "authorization": "NONE",
                            "authorizer_id": "",
                            "http_method": "POST",
                            "id": "agm-vnetkniiah-jphvmv-POST",
                            "request_models.%": "0",
                            "request_parameters.%": "0",
                            "request_validator_id": "",
                            "resource_id": "jphvmv",
                            "rest_api_id": "vnetkniiah"
                        },
                        "meta": {},
                        "tainted": false
                    },
                    "deposed": [],
                    "provider": ""
                },
                "aws_lambda_function.lambda_function": {
                    "type": "aws_lambda_function",
                    "depends_on": [],
                    "primary": {
                        "id": "incoming-twilio-call",
                        "attributes": {
                            "arn": "arn:aws:lambda:us-east-2:695924670447:function:incoming-twilio-call",
                            "dead_letter_config.#": "0",
                            "description": "",
                            "environment.#": "1",
                            "environment.0.variables.%": "2",
                            "environment.0.variables.API_URL": "https://vnetkniiah.execute-api.us-east-2.amazonaws.com/prod",
                            "environment.0.variables.SAVE_RECORDING_PATH": "/recordings",
                            "filename": "../functions/build.zip",
                            "function_name": "incoming-twilio-call",
                            "handler": "index.incomingTwilioCall",
                            "id": "incoming-twilio-call",
                            "invoke_arn": "arn:aws:apigateway:us-east-2:lambda:path/2015-03-31/functions/arn:aws:lambda:us-east-2:695924670447:function:incoming-twilio-call/invocations",
                            "kms_key_arn": "",
                            "last_modified": "2017-10-18T21:23:00.905+0000",
                            "memory_size": "512",
                            "publish": "false",
                            "qualified_arn": "arn:aws:lambda:us-east-2:695924670447:function:incoming-twilio-call:$LATEST",
                            "role": "arn:aws:iam::695924670447:role/lambda-role",
                            "runtime": "nodejs6.10",
                            "source_code_hash": "AnLPp4im61U+iprWGo1ewIQNQR2aA7/t+JO2qQ1txzA=",
                            "tags.%": "0",
                            "timeout": "3",
                            "tracing_config.#": "1",
                            "tracing_config.0.mode": "PassThrough",
                            "version": "$LATEST",
                            "vpc_config.#": "0"
                        },
                        "meta": {},
                        "tainted": false
                    },
                    "deposed": [],
                    "provider": ""
                },
                "aws_lambda_permission.permission": {
                    "type": "aws_lambda_permission",
                    "depends_on": [
                        "aws_api_gateway_method.method",
                        "aws_lambda_function.lambda_function",
                        "data.aws_caller_identity.current"
                    ],
                    "primary": {
                        "id": "AllowExecutionFromApiGateway",
                        "attributes": {
                            "action": "lambda:InvokeFunction",
                            "function_name": "incoming-twilio-call",
                            "id": "AllowExecutionFromApiGateway",
                            "principal": "apigateway.amazonaws.com",
                            "qualifier": "",
                            "source_arn": "arn:aws:execute-api:us-east-2:695924670447:vnetkniiah/*/POST/calls",
                            "statement_id": "AllowExecutionFromApiGateway"
                        },
                        "meta": {},
                        "tainted": false
                    },
                    "deposed": [],
                    "provider": ""
                },
                "data.aws_caller_identity.current": {
                    "type": "aws_caller_identity",
                    "depends_on": [],
                    "primary": {
                        "id": "2017-10-18 21:22:54.862706537 +0000 UTC",
                        "attributes": {
                            "account_id": "695924670447",
                            "arn": "arn:aws:iam::695924670447:user/terraform",
                            "id": "2017-10-18 21:22:54.862706537 +0000 UTC",
                            "user_id": "AIDAJXP5LFTH5S7N5T6MI"
                        },
                        "meta": {},
                        "tainted": false
                    },
                    "deposed": [],
                    "provider": ""
                }
            },
            "depends_on": []
        },
        {
            "path": [
                "root",
                "save_twilio_call"
            ],
            "outputs": {},
            "resources": {
                "aws_api_gateway_integration.integration": {
                    "type": "aws_api_gateway_integration",
                    "depends_on": [
                        "aws_api_gateway_method.method",
                        "aws_lambda_function.lambda_function"
                    ],
                    "primary": {
                        "id": "agi-vnetkniiah-tfxoty-POST",
                        "attributes": {
                            "cache_key_parameters.#": "0",
                            "cache_namespace": "tfxoty",
                            "http_method": "POST",
                            "id": "agi-vnetkniiah-tfxoty-POST",
                            "integration_http_method": "POST",
                            "passthrough_behavior": "WHEN_NO_MATCH",
                            "request_parameters.%": "0",
                            "request_templates.%": "0",
                            "resource_id": "tfxoty",
                            "rest_api_id": "vnetkniiah",
                            "type": "AWS_PROXY",
                            "uri": "arn:aws:apigateway:us-east-2:lambda:path/2015-03-31/functions/arn:aws:lambda:us-east-2:695924670447:function:save-twilio-call/invocations"
                        },
                        "meta": {},
                        "tainted": false
                    },
                    "deposed": [],
                    "provider": ""
                },
                "aws_api_gateway_method.method": {
                    "type": "aws_api_gateway_method",
                    "depends_on": [],
                    "primary": {
                        "id": "agm-vnetkniiah-tfxoty-POST",
                        "attributes": {
                            "api_key_required": "false",
                            "authorization": "NONE",
                            "authorizer_id": "",
                            "http_method": "POST",
                            "id": "agm-vnetkniiah-tfxoty-POST",
                            "request_models.%": "0",
                            "request_parameters.%": "0",
                            "request_validator_id": "",
                            "resource_id": "tfxoty",
                            "rest_api_id": "vnetkniiah"
                        },
                        "meta": {},
                        "tainted": false
                    },
                    "deposed": [],
                    "provider": ""
                },
                "aws_lambda_function.lambda_function": {
                    "type": "aws_lambda_function",
                    "depends_on": [],
                    "primary": {
                        "id": "save-twilio-call",
                        "attributes": {
                            "arn": "arn:aws:lambda:us-east-2:695924670447:function:save-twilio-call",
                            "dead_letter_config.#": "0",
                            "description": "",
                            "environment.#": "1",
                            "environment.0.variables.%": "1",
                            "environment.0.variables.RECORDINGS_S3_BUCKET_ID": "cruhl-magic-recordings",
                            "filename": "../functions/build.zip",
                            "function_name": "save-twilio-call",
                            "handler": "index.saveTwilioCall",
                            "id": "save-twilio-call",
                            "invoke_arn": "arn:aws:apigateway:us-east-2:lambda:path/2015-03-31/functions/arn:aws:lambda:us-east-2:695924670447:function:save-twilio-call/invocations",
                            "kms_key_arn": "",
                            "last_modified": "2017-10-18T20:02:24.820+0000",
                            "memory_size": "512",
                            "publish": "false",
                            "qualified_arn": "arn:aws:lambda:us-east-2:695924670447:function:save-twilio-call:$LATEST",
                            "role": "arn:aws:iam::695924670447:role/api-gateway-lambda-role",
                            "runtime": "nodejs6.10",
                            "source_code_hash": "AnLPp4im61U+iprWGo1ewIQNQR2aA7/t+JO2qQ1txzA=",
                            "tags.%": "0",
                            "timeout": "3",
                            "tracing_config.#": "1",
                            "tracing_config.0.mode": "PassThrough",
                            "version": "$LATEST",
                            "vpc_config.#": "0"
                        },
                        "meta": {},
                        "tainted": false
                    },
                    "deposed": [],
                    "provider": ""
                },
                "aws_lambda_permission.permission": {
                    "type": "aws_lambda_permission",
                    "depends_on": [
                        "aws_api_gateway_method.method",
                        "aws_lambda_function.lambda_function",
                        "data.aws_caller_identity.current"
                    ],
                    "primary": {
                        "id": "AllowExecutionFromApiGateway",
                        "attributes": {
                            "action": "lambda:InvokeFunction",
                            "function_name": "save-twilio-call",
                            "id": "AllowExecutionFromApiGateway",
                            "principal": "apigateway.amazonaws.com",
                            "qualifier": "",
                            "source_arn": "arn:aws:execute-api:us-east-2:695924670447:vnetkniiah/*/POST/recordings",
                            "statement_id": "AllowExecutionFromApiGateway"
                        },
                        "meta": {},
                        "tainted": false
                    },
                    "deposed": [],
                    "provider": ""
                },
                "data.aws_caller_identity.current": {
                    "type": "aws_caller_identity",
                    "depends_on": [],
                    "primary": {
                        "id": "2017-10-18 21:22:54.765831378 +0000 UTC",
                        "attributes": {
                            "account_id": "695924670447",
                            "arn": "arn:aws:iam::695924670447:user/terraform",
                            "id": "2017-10-18 21:22:54.765831378 +0000 UTC",
                            "user_id": "AIDAJXP5LFTH5S7N5T6MI"
                        },
                        "meta": {},
                        "tainted": false
                    },
                    "deposed": [],
                    "provider": ""
                }
            },
            "depends_on": []
        }
    ]
}
