{
    "version": 3,
    "terraform_version": "0.10.7",
    "serial": 216,
    "lineage": "6fd334f9-37d6-4b52-822b-d72932315811",
    "modules": [
        {
            "path": [
                "root"
            ],
            "outputs": {
                "api_url": {
                    "sensitive": false,
                    "type": "string",
                    "value": "https://okxti0tmdg.execute-api.us-east-2.amazonaws.com/prod"
                }
            },
            "resources": {
                "aws_iam_role.lambda_allow_assume_role": {
                    "type": "aws_iam_role",
                    "depends_on": [
                        "module.lambda_trust_document"
                    ],
                    "primary": {
                        "id": "cruhl-magic-lambda-allow-assume-role",
                        "attributes": {
                            "arn": "arn:aws:iam::695924670447:role/cruhl-magic-lambda-allow-assume-role",
                            "assume_role_policy": "{\"Version\":\"2012-10-17\",\"Statement\":[{\"Sid\":\"\",\"Effect\":\"Allow\",\"Principal\":{\"Service\":\"lambda.amazonaws.com\"},\"Action\":\"sts:AssumeRole\"}]}",
                            "create_date": "2017-11-02T20:23:54Z",
                            "force_detach_policies": "false",
                            "id": "cruhl-magic-lambda-allow-assume-role",
                            "name": "cruhl-magic-lambda-allow-assume-role",
                            "path": "/",
                            "unique_id": "AROAJPYCT7FLUQLUHUHUU"
                        },
                        "meta": {},
                        "tainted": false
                    },
                    "deposed": [],
                    "provider": ""
                },
                "data.archive_file.lambda_zip_file": {
                    "type": "archive_file",
                    "depends_on": [],
                    "primary": {
                        "id": "7a31271a9ef0dd24a325f44ea811e458f4de6b7d",
                        "attributes": {
                            "id": "7a31271a9ef0dd24a325f44ea811e458f4de6b7d",
                            "output_base64sha256": "9SZhU/eGBJkle2ZxTXJIP/jRTQV59X8ItFhfCAL8wG8=",
                            "output_md5": "0823d80549c06a4ad6dda9da20750ecc",
                            "output_path": "../functions/build.zip",
                            "output_sha": "7a31271a9ef0dd24a325f44ea811e458f4de6b7d",
                            "output_size": "3811422",
                            "source.#": "0",
                            "source_dir": "../functions/build",
                            "type": "zip"
                        },
                        "meta": {},
                        "tainted": false
                    },
                    "deposed": [],
                    "provider": ""
                }
            },
            "depends_on": []
        },
        {
            "path": [
                "root",
                "api_gateway"
            ],
            "outputs": {
                "calls_resource_id": {
                    "sensitive": false,
                    "type": "string",
                    "value": "k470gb"
                },
                "id": {
                    "sensitive": false,
                    "type": "string",
                    "value": "okxti0tmdg"
                },
                "recordings_path": {
                    "sensitive": false,
                    "type": "string",
                    "value": "/recordings"
                },
                "recordings_resource_id": {
                    "sensitive": false,
                    "type": "string",
                    "value": "zfx0ds"
                },
                "url": {
                    "sensitive": false,
                    "type": "string",
                    "value": "https://okxti0tmdg.execute-api.us-east-2.amazonaws.com/prod"
                }
            },
            "resources": {
                "aws_api_gateway_deployment.api": {
                    "type": "aws_api_gateway_deployment",
                    "depends_on": [
                        "aws_api_gateway_rest_api.api"
                    ],
                    "primary": {
                        "id": "6oo66r",
                        "attributes": {
                            "created_date": "2017-11-02T20:17:18Z",
                            "description": "",
                            "execution_arn": "arn:aws:execute-api:us-east-2:695924670447:okxti0tmdg/prod",
                            "id": "6oo66r",
                            "invoke_url": "https://okxti0tmdg.execute-api.us-east-2.amazonaws.com/prod",
                            "rest_api_id": "okxti0tmdg",
                            "stage_name": "prod"
                        },
                        "meta": {},
                        "tainted": false
                    },
                    "deposed": [],
                    "provider": ""
                },
                "aws_api_gateway_resource.calls": {
                    "type": "aws_api_gateway_resource",
                    "depends_on": [
                        "aws_api_gateway_rest_api.api"
                    ],
                    "primary": {
                        "id": "k470gb",
                        "attributes": {
                            "id": "k470gb",
                            "parent_id": "dafdqxxyv2",
                            "path": "/calls",
                            "path_part": "calls",
                            "rest_api_id": "okxti0tmdg"
                        },
                        "meta": {},
                        "tainted": false
                    },
                    "deposed": [],
                    "provider": ""
                },
                "aws_api_gateway_resource.recordings": {
                    "type": "aws_api_gateway_resource",
                    "depends_on": [
                        "aws_api_gateway_rest_api.api"
                    ],
                    "primary": {
                        "id": "zfx0ds",
                        "attributes": {
                            "id": "zfx0ds",
                            "parent_id": "dafdqxxyv2",
                            "path": "/recordings",
                            "path_part": "recordings",
                            "rest_api_id": "okxti0tmdg"
                        },
                        "meta": {},
                        "tainted": false
                    },
                    "deposed": [],
                    "provider": ""
                },
                "aws_api_gateway_rest_api.api": {
                    "type": "aws_api_gateway_rest_api",
                    "depends_on": [],
                    "primary": {
                        "id": "okxti0tmdg",
                        "attributes": {
                            "binary_media_types.#": "0",
                            "created_date": "2017-11-02T19:37:49Z",
                            "description": "",
                            "id": "okxti0tmdg",
                            "name": "api",
                            "root_resource_id": "dafdqxxyv2"
                        },
                        "meta": {},
                        "tainted": false
                    },
                    "deposed": [],
                    "provider": ""
                }
            },
            "depends_on": []
        },
        {
            "path": [
                "root",
                "endpoint"
            ],
            "outputs": {},
            "resources": {},
            "depends_on": []
        },
        {
            "path": [
                "root",
                "incoming_twilio_call"
            ],
            "outputs": {},
            "resources": {
                "aws_api_gateway_integration.integration": {
                    "type": "aws_api_gateway_integration",
                    "depends_on": [
                        "aws_api_gateway_method.method",
                        "aws_lambda_function.lambda_function"
                    ],
                    "primary": {
                        "id": "agi-okxti0tmdg-k470gb-POST",
                        "attributes": {
                            "cache_key_parameters.#": "0",
                            "cache_namespace": "k470gb",
                            "http_method": "POST",
                            "id": "agi-okxti0tmdg-k470gb-POST",
                            "integration_http_method": "POST",
                            "passthrough_behavior": "WHEN_NO_MATCH",
                            "request_parameters.%": "0",
                            "request_templates.%": "0",
                            "resource_id": "k470gb",
                            "rest_api_id": "okxti0tmdg",
                            "type": "AWS_PROXY",
                            "uri": "arn:aws:apigateway:us-east-2:lambda:path/2015-03-31/functions/arn:aws:lambda:us-east-2:695924670447:function:incoming-twilio-call/invocations"
                        },
                        "meta": {},
                        "tainted": false
                    },
                    "deposed": [],
                    "provider": ""
                },
                "aws_api_gateway_method.method": {
                    "type": "aws_api_gateway_method",
                    "depends_on": [],
                    "primary": {
                        "id": "agm-okxti0tmdg-k470gb-POST",
                        "attributes": {
                            "api_key_required": "false",
                            "authorization": "NONE",
                            "authorizer_id": "",
                            "http_method": "POST",
                            "id": "agm-okxti0tmdg-k470gb-POST",
                            "request_models.%": "0",
                            "request_parameters.%": "0",
                            "request_validator_id": "",
                            "resource_id": "k470gb",
                            "rest_api_id": "okxti0tmdg"
                        },
                        "meta": {},
                        "tainted": false
                    },
                    "deposed": [],
                    "provider": ""
                },
                "aws_lambda_function.lambda_function": {
                    "type": "aws_lambda_function",
                    "depends_on": [],
                    "primary": {
                        "id": "incoming-twilio-call",
                        "attributes": {
                            "arn": "arn:aws:lambda:us-east-2:695924670447:function:incoming-twilio-call",
                            "dead_letter_config.#": "0",
                            "description": "",
                            "environment.#": "1",
                            "environment.0.variables.%": "2",
                            "environment.0.variables.API_SAVE_RECORDING_PATH": "/recordings",
                            "environment.0.variables.API_URL": "https://0dw5hfj6a1.execute-api.us-east-2.amazonaws.com/prod",
                            "filename": "../functions/build.zip",
                            "function_name": "incoming-twilio-call",
                            "handler": "index.incomingTwilioCall",
                            "id": "incoming-twilio-call",
                            "invoke_arn": "arn:aws:apigateway:us-east-2:lambda:path/2015-03-31/functions/arn:aws:lambda:us-east-2:695924670447:function:incoming-twilio-call/invocations",
                            "kms_key_arn": "",
                            "last_modified": "2017-11-02T20:27:57.467+0000",
                            "memory_size": "512",
                            "publish": "false",
                            "qualified_arn": "arn:aws:lambda:us-east-2:695924670447:function:incoming-twilio-call:$LATEST",
                            "role": "arn:aws:iam::695924670447:role/cruhl-magic-lambda-allow-assume-role",
                            "runtime": "nodejs6.10",
                            "source_code_hash": "9SZhU/eGBJkle2ZxTXJIP/jRTQV59X8ItFhfCAL8wG8=",
                            "tags.%": "0",
                            "timeout": "3",
                            "tracing_config.#": "1",
                            "tracing_config.0.mode": "PassThrough",
                            "version": "$LATEST",
                            "vpc_config.#": "0"
                        },
                        "meta": {},
                        "tainted": false
                    },
                    "deposed": [],
                    "provider": ""
                },
                "aws_lambda_permission.permission": {
                    "type": "aws_lambda_permission",
                    "depends_on": [
                        "aws_lambda_function.lambda_function",
                        "data.aws_caller_identity.current"
                    ],
                    "primary": {
                        "id": "AllowExecutionFromApiGateway",
                        "attributes": {
                            "action": "lambda:InvokeFunction",
                            "function_name": "incoming-twilio-call",
                            "id": "AllowExecutionFromApiGateway",
                            "principal": "apigateway.amazonaws.com",
                            "qualifier": "",
                            "source_arn": "arn:aws:execute-api:us-east-2:695924670447:okxti0tmdg/*",
                            "statement_id": "AllowExecutionFromApiGateway"
                        },
                        "meta": {},
                        "tainted": false
                    },
                    "deposed": [],
                    "provider": ""
                },
                "data.aws_caller_identity.current": {
                    "type": "aws_caller_identity",
                    "depends_on": [],
                    "primary": {
                        "id": "2017-11-02 20:34:38.895458087 +0000 UTC",
                        "attributes": {
                            "account_id": "695924670447",
                            "arn": "arn:aws:iam::695924670447:user/terraform",
                            "id": "2017-11-02 20:34:38.895458087 +0000 UTC",
                            "user_id": "AIDAJXP5LFTH5S7N5T6MI"
                        },
                        "meta": {},
                        "tainted": false
                    },
                    "deposed": [],
                    "provider": ""
                }
            },
            "depends_on": []
        },
        {
            "path": [
                "root",
                "lambda_allow_assume_role"
            ],
            "outputs": {
                "arn": {
                    "sensitive": false,
                    "type": "string",
                    "value": "arn:aws:iam::695924670447:role/lambda-allow-assume-role"
                },
                "policy_document_json": {
                    "sensitive": false,
                    "type": "string",
                    "value": "{\n  \"Version\": \"2012-10-17\",\n  \"Statement\": [\n    {\n      \"Sid\": \"\",\n      \"Effect\": \"Allow\",\n      \"Action\": \"sts:AssumeRole\",\n      \"Principal\": {\n        \"Service\": \"lambda.amazonaws.com\"\n      }\n    }\n  ]\n}"
                }
            },
            "resources": {},
            "depends_on": []
        },
        {
            "path": [
                "root",
                "lambda_trust_document"
            ],
            "outputs": {
                "json": {
                    "sensitive": false,
                    "type": "string",
                    "value": "{\n  \"Version\": \"2012-10-17\",\n  \"Statement\": [\n    {\n      \"Sid\": \"\",\n      \"Effect\": \"Allow\",\n      \"Action\": \"sts:AssumeRole\",\n      \"Principal\": {\n        \"Service\": \"lambda.amazonaws.com\"\n      }\n    }\n  ]\n}"
                }
            },
            "resources": {
                "data.aws_iam_policy_document.policy_document": {
                    "type": "aws_iam_policy_document",
                    "depends_on": [],
                    "primary": {
                        "id": "3693445097",
                        "attributes": {
                            "id": "3693445097",
                            "json": "{\n  \"Version\": \"2012-10-17\",\n  \"Statement\": [\n    {\n      \"Sid\": \"\",\n      \"Effect\": \"Allow\",\n      \"Action\": \"sts:AssumeRole\",\n      \"Principal\": {\n        \"Service\": \"lambda.amazonaws.com\"\n      }\n    }\n  ]\n}",
                            "statement.#": "1",
                            "statement.0.actions.#": "1",
                            "statement.0.actions.2528466339": "sts:AssumeRole",
                            "statement.0.condition.#": "0",
                            "statement.0.effect": "Allow",
                            "statement.0.not_actions.#": "0",
                            "statement.0.not_principals.#": "0",
                            "statement.0.not_resources.#": "0",
                            "statement.0.principals.#": "1",
                            "statement.0.principals.3118762561.identifiers.#": "1",
                            "statement.0.principals.3118762561.identifiers.2638019528": "lambda.amazonaws.com",
                            "statement.0.principals.3118762561.type": "Service",
                            "statement.0.resources.#": "0",
                            "statement.0.sid": ""
                        },
                        "meta": {},
                        "tainted": false
                    },
                    "deposed": [],
                    "provider": ""
                }
            },
            "depends_on": []
        },
        {
            "path": [
                "root",
                "recordings_s3_bucket"
            ],
            "outputs": {
                "arn": {
                    "sensitive": false,
                    "type": "string",
                    "value": "arn:aws:s3:::cruhl-magic-recordings"
                },
                "id": {
                    "sensitive": false,
                    "type": "string",
                    "value": "cruhl-magic-recordings"
                }
            },
            "resources": {
                "aws_s3_bucket.bucket": {
                    "type": "aws_s3_bucket",
                    "depends_on": [],
                    "primary": {
                        "id": "cruhl-magic-recordings",
                        "attributes": {
                            "acceleration_status": "",
                            "arn": "arn:aws:s3:::cruhl-magic-recordings",
                            "bucket": "cruhl-magic-recordings",
                            "bucket_domain_name": "cruhl-magic-recordings.s3.amazonaws.com",
                            "hosted_zone_id": "Z2O1EMRO9K5GLX",
                            "id": "cruhl-magic-recordings",
                            "logging.#": "0",
                            "region": "us-east-2",
                            "request_payer": "BucketOwner",
                            "tags.%": "0",
                            "versioning.#": "1",
                            "versioning.0.enabled": "false",
                            "versioning.0.mfa_delete": "false",
                            "website.#": "0"
                        },
                        "meta": {},
                        "tainted": false
                    },
                    "deposed": [],
                    "provider": "aws"
                }
            },
            "depends_on": []
        },
        {
            "path": [
                "root",
                "role_for_recordings_uploads"
            ],
            "outputs": {
                "arn": {
                    "sensitive": false,
                    "type": "string",
                    "value": "arn:aws:iam::695924670447:role/cruhl-magic-recordings-upload-role"
                }
            },
            "resources": {
                "aws_iam_policy.upload_policy": {
                    "type": "aws_iam_policy",
                    "depends_on": [
                        "data.aws_iam_policy_document.policy_document"
                    ],
                    "primary": {
                        "id": "arn:aws:iam::695924670447:policy/cruhl-magic-recordings-upload-policy",
                        "attributes": {
                            "arn": "arn:aws:iam::695924670447:policy/cruhl-magic-recordings-upload-policy",
                            "id": "arn:aws:iam::695924670447:policy/cruhl-magic-recordings-upload-policy",
                            "name": "cruhl-magic-recordings-upload-policy",
                            "path": "/",
                            "policy": "{\n  \"Version\": \"2012-10-17\",\n  \"Statement\": [\n    {\n      \"Sid\": \"\",\n      \"Effect\": \"Allow\",\n      \"Action\": \"s3:PutObject\",\n      \"Resource\": \"arn:aws:s3:::cruhl-magic-recordings/*\"\n    }\n  ]\n}"
                        },
                        "meta": {},
                        "tainted": false
                    },
                    "deposed": [],
                    "provider": ""
                },
                "aws_iam_role.lambda_upload_role": {
                    "type": "aws_iam_role",
                    "depends_on": [
                        "module.lambda_allow_assume_role"
                    ],
                    "primary": {
                        "id": "cruhl-magic-recordings-upload-role",
                        "attributes": {
                            "arn": "arn:aws:iam::695924670447:role/cruhl-magic-recordings-upload-role",
                            "assume_role_policy": "{\"Version\":\"2012-10-17\",\"Statement\":[{\"Sid\":\"\",\"Effect\":\"Allow\",\"Principal\":{\"Service\":\"lambda.amazonaws.com\"},\"Action\":\"sts:AssumeRole\"}]}",
                            "create_date": "2017-11-02T19:37:49Z",
                            "force_detach_policies": "false",
                            "id": "cruhl-magic-recordings-upload-role",
                            "name": "cruhl-magic-recordings-upload-role",
                            "path": "/",
                            "unique_id": "AROAJDYFZ6FFVTQMIFXTM"
                        },
                        "meta": {},
                        "tainted": false
                    },
                    "deposed": [],
                    "provider": ""
                },
                "aws_iam_role_policy_attachment.policy_attachment": {
                    "type": "aws_iam_role_policy_attachment",
                    "depends_on": [
                        "aws_iam_policy.upload_policy",
                        "aws_iam_role.lambda_upload_role"
                    ],
                    "primary": {
                        "id": "cruhl-magic-recordings-upload-role-20171102201434468900000001",
                        "attributes": {
                            "id": "cruhl-magic-recordings-upload-role-20171102201434468900000001",
                            "policy_arn": "arn:aws:iam::695924670447:policy/cruhl-magic-recordings-upload-policy",
                            "role": "cruhl-magic-recordings-upload-role"
                        },
                        "meta": {},
                        "tainted": false
                    },
                    "deposed": [],
                    "provider": ""
                },
                "data.aws_iam_policy_document.policy_document": {
                    "type": "aws_iam_policy_document",
                    "depends_on": [],
                    "primary": {
                        "id": "2587604608",
                        "attributes": {
                            "id": "2587604608",
                            "json": "{\n  \"Version\": \"2012-10-17\",\n  \"Statement\": [\n    {\n      \"Sid\": \"\",\n      \"Effect\": \"Allow\",\n      \"Action\": \"s3:PutObject\",\n      \"Resource\": \"arn:aws:s3:::cruhl-magic-recordings/*\"\n    }\n  ]\n}",
                            "statement.#": "1",
                            "statement.0.actions.#": "1",
                            "statement.0.actions.315547055": "s3:PutObject",
                            "statement.0.condition.#": "0",
                            "statement.0.effect": "Allow",
                            "statement.0.not_actions.#": "0",
                            "statement.0.not_principals.#": "0",
                            "statement.0.not_resources.#": "0",
                            "statement.0.principals.#": "0",
                            "statement.0.resources.#": "1",
                            "statement.0.resources.4027079907": "arn:aws:s3:::cruhl-magic-recordings/*",
                            "statement.0.sid": ""
                        },
                        "meta": {},
                        "tainted": false
                    },
                    "deposed": [],
                    "provider": ""
                }
            },
            "depends_on": []
        },
        {
            "path": [
                "root",
                "save_twilio_call"
            ],
            "outputs": {},
            "resources": {
                "aws_api_gateway_integration.integration": {
                    "type": "aws_api_gateway_integration",
                    "depends_on": [
                        "aws_api_gateway_method.method",
                        "aws_lambda_function.lambda_function"
                    ],
                    "primary": {
                        "id": "agi-okxti0tmdg-zfx0ds-POST",
                        "attributes": {
                            "cache_key_parameters.#": "0",
                            "cache_namespace": "zfx0ds",
                            "http_method": "POST",
                            "id": "agi-okxti0tmdg-zfx0ds-POST",
                            "integration_http_method": "POST",
                            "passthrough_behavior": "WHEN_NO_MATCH",
                            "request_parameters.%": "0",
                            "request_templates.%": "0",
                            "resource_id": "zfx0ds",
                            "rest_api_id": "okxti0tmdg",
                            "type": "AWS_PROXY",
                            "uri": "arn:aws:apigateway:us-east-2:lambda:path/2015-03-31/functions/arn:aws:lambda:us-east-2:695924670447:function:save-twilio-call/invocations"
                        },
                        "meta": {},
                        "tainted": false
                    },
                    "deposed": [],
                    "provider": ""
                },
                "aws_api_gateway_method.method": {
                    "type": "aws_api_gateway_method",
                    "depends_on": [],
                    "primary": {
                        "id": "agm-okxti0tmdg-zfx0ds-POST",
                        "attributes": {
                            "api_key_required": "false",
                            "authorization": "NONE",
                            "authorizer_id": "",
                            "http_method": "POST",
                            "id": "agm-okxti0tmdg-zfx0ds-POST",
                            "request_models.%": "0",
                            "request_parameters.%": "0",
                            "request_validator_id": "",
                            "resource_id": "zfx0ds",
                            "rest_api_id": "okxti0tmdg"
                        },
                        "meta": {},
                        "tainted": false
                    },
                    "deposed": [],
                    "provider": ""
                },
                "aws_lambda_function.lambda_function": {
                    "type": "aws_lambda_function",
                    "depends_on": [],
                    "primary": {
                        "id": "save-twilio-call",
                        "attributes": {
                            "arn": "arn:aws:lambda:us-east-2:695924670447:function:save-twilio-call",
                            "dead_letter_config.#": "0",
                            "description": "",
                            "environment.#": "1",
                            "environment.0.variables.%": "1",
                            "environment.0.variables.RECORDINGS_S3_BUCKET_ID": "cruhl-magic-recordings",
                            "filename": "../functions/build.zip",
                            "function_name": "save-twilio-call",
                            "handler": "index.saveTwilioCall",
                            "id": "save-twilio-call",
                            "invoke_arn": "arn:aws:apigateway:us-east-2:lambda:path/2015-03-31/functions/arn:aws:lambda:us-east-2:695924670447:function:save-twilio-call/invocations",
                            "kms_key_arn": "",
                            "last_modified": "2017-11-02T20:14:36.558+0000",
                            "memory_size": "512",
                            "publish": "false",
                            "qualified_arn": "arn:aws:lambda:us-east-2:695924670447:function:save-twilio-call:$LATEST",
                            "role": "arn:aws:iam::695924670447:role/cruhl-magic-recordings-upload-role",
                            "runtime": "nodejs6.10",
                            "source_code_hash": "9SZhU/eGBJkle2ZxTXJIP/jRTQV59X8ItFhfCAL8wG8=",
                            "tags.%": "0",
                            "timeout": "3",
                            "tracing_config.#": "1",
                            "tracing_config.0.mode": "PassThrough",
                            "version": "$LATEST",
                            "vpc_config.#": "0"
                        },
                        "meta": {},
                        "tainted": false
                    },
                    "deposed": [],
                    "provider": ""
                },
                "aws_lambda_permission.permission": {
                    "type": "aws_lambda_permission",
                    "depends_on": [
                        "aws_lambda_function.lambda_function",
                        "data.aws_caller_identity.current"
                    ],
                    "primary": {
                        "id": "AllowExecutionFromApiGateway",
                        "attributes": {
                            "action": "lambda:InvokeFunction",
                            "function_name": "save-twilio-call",
                            "id": "AllowExecutionFromApiGateway",
                            "principal": "apigateway.amazonaws.com",
                            "qualifier": "",
                            "source_arn": "arn:aws:execute-api:us-east-2:695924670447:okxti0tmdg/*",
                            "statement_id": "AllowExecutionFromApiGateway"
                        },
                        "meta": {},
                        "tainted": false
                    },
                    "deposed": [],
                    "provider": ""
                },
                "data.aws_caller_identity.current": {
                    "type": "aws_caller_identity",
                    "depends_on": [],
                    "primary": {
                        "id": "2017-11-02 20:34:38.905664901 +0000 UTC",
                        "attributes": {
                            "account_id": "695924670447",
                            "arn": "arn:aws:iam::695924670447:user/terraform",
                            "id": "2017-11-02 20:34:38.905664901 +0000 UTC",
                            "user_id": "AIDAJXP5LFTH5S7N5T6MI"
                        },
                        "meta": {},
                        "tainted": false
                    },
                    "deposed": [],
                    "provider": ""
                }
            },
            "depends_on": []
        },
        {
            "path": [
                "root",
                "role_for_recordings_uploads",
                "lambda_allow_assume_role"
            ],
            "outputs": {
                "policy_document_json": {
                    "sensitive": false,
                    "type": "string",
                    "value": "{\n  \"Version\": \"2012-10-17\",\n  \"Statement\": [\n    {\n      \"Sid\": \"\",\n      \"Effect\": \"Allow\",\n      \"Action\": \"sts:AssumeRole\",\n      \"Principal\": {\n        \"Service\": \"lambda.amazonaws.com\"\n      }\n    }\n  ]\n}"
                }
            },
            "resources": {},
            "depends_on": []
        },
        {
            "path": [
                "root",
                "role_for_recordings_uploads",
                "lambda_trust_document"
            ],
            "outputs": {
                "json": {
                    "sensitive": false,
                    "type": "string",
                    "value": "{\n  \"Version\": \"2012-10-17\",\n  \"Statement\": [\n    {\n      \"Sid\": \"\",\n      \"Effect\": \"Allow\",\n      \"Action\": \"sts:AssumeRole\",\n      \"Principal\": {\n        \"Service\": \"lambda.amazonaws.com\"\n      }\n    }\n  ]\n}"
                }
            },
            "resources": {
                "data.aws_iam_policy_document.policy_document": {
                    "type": "aws_iam_policy_document",
                    "depends_on": [],
                    "primary": {
                        "id": "3693445097",
                        "attributes": {
                            "id": "3693445097",
                            "json": "{\n  \"Version\": \"2012-10-17\",\n  \"Statement\": [\n    {\n      \"Sid\": \"\",\n      \"Effect\": \"Allow\",\n      \"Action\": \"sts:AssumeRole\",\n      \"Principal\": {\n        \"Service\": \"lambda.amazonaws.com\"\n      }\n    }\n  ]\n}",
                            "statement.#": "1",
                            "statement.0.actions.#": "1",
                            "statement.0.actions.2528466339": "sts:AssumeRole",
                            "statement.0.condition.#": "0",
                            "statement.0.effect": "Allow",
                            "statement.0.not_actions.#": "0",
                            "statement.0.not_principals.#": "0",
                            "statement.0.not_resources.#": "0",
                            "statement.0.principals.#": "1",
                            "statement.0.principals.3118762561.identifiers.#": "1",
                            "statement.0.principals.3118762561.identifiers.2638019528": "lambda.amazonaws.com",
                            "statement.0.principals.3118762561.type": "Service",
                            "statement.0.resources.#": "0",
                            "statement.0.sid": ""
                        },
                        "meta": {},
                        "tainted": false
                    },
                    "deposed": [],
                    "provider": ""
                }
            },
            "depends_on": []
        }
    ]
}
