{
    "version": 3,
    "terraform_version": "0.10.7",
    "serial": 199,
    "lineage": "6fd334f9-37d6-4b52-822b-d72932315811",
    "modules": [
        {
            "path": [
                "root"
            ],
            "outputs": {
                "api_url": {
                    "sensitive": false,
                    "type": "string",
                    "value": "https://0dw5hfj6a1.execute-api.us-east-2.amazonaws.com/prod"
                },
                "recordings_s3_bucket_id": {
                    "sensitive": false,
                    "type": "string",
                    "value": "cruhl-magic-recordings"
                },
                "recordings_s3_bucket_url": {
                    "sensitive": false,
                    "type": "string",
                    "value": "cruhl-magic-recordings.s3.amazonaws.com"
                }
            },
            "resources": {
                "aws_api_gateway_deployment.api": {
                    "type": "aws_api_gateway_deployment",
                    "depends_on": [
                        "aws_api_gateway_rest_api.api",
                        "module.incoming_twilio_call",
                        "module.save_twilio_call"
                    ],
                    "primary": {
                        "id": "srv8ym",
                        "attributes": {
                            "created_date": "2017-10-20T15:42:11Z",
                            "description": "",
                            "execution_arn": "arn:aws:execute-api:us-east-2:695924670447:0dw5hfj6a1/prod",
                            "id": "srv8ym",
                            "invoke_url": "https://0dw5hfj6a1.execute-api.us-east-2.amazonaws.com/prod",
                            "rest_api_id": "0dw5hfj6a1",
                            "stage_name": "prod"
                        },
                        "meta": {},
                        "tainted": false
                    },
                    "deposed": [],
                    "provider": ""
                },
                "aws_api_gateway_resource.calls": {
                    "type": "aws_api_gateway_resource",
                    "depends_on": [
                        "aws_api_gateway_rest_api.api"
                    ],
                    "primary": {
                        "id": "cb8345",
                        "attributes": {
                            "id": "cb8345",
                            "parent_id": "l6ub9q7uv1",
                            "path": "/calls",
                            "path_part": "calls",
                            "rest_api_id": "0dw5hfj6a1"
                        },
                        "meta": {},
                        "tainted": false
                    },
                    "deposed": [],
                    "provider": ""
                },
                "aws_api_gateway_resource.recordings": {
                    "type": "aws_api_gateway_resource",
                    "depends_on": [
                        "aws_api_gateway_rest_api.api"
                    ],
                    "primary": {
                        "id": "s91nhq",
                        "attributes": {
                            "id": "s91nhq",
                            "parent_id": "l6ub9q7uv1",
                            "path": "/recordings",
                            "path_part": "recordings",
                            "rest_api_id": "0dw5hfj6a1"
                        },
                        "meta": {},
                        "tainted": false
                    },
                    "deposed": [],
                    "provider": ""
                },
                "aws_api_gateway_rest_api.api": {
                    "type": "aws_api_gateway_rest_api",
                    "depends_on": [],
                    "primary": {
                        "id": "0dw5hfj6a1",
                        "attributes": {
                            "binary_media_types.#": "0",
                            "created_date": "2017-10-20T15:41:47Z",
                            "description": "",
                            "id": "0dw5hfj6a1",
                            "name": "api",
                            "root_resource_id": "l6ub9q7uv1"
                        },
                        "meta": {},
                        "tainted": false
                    },
                    "deposed": [],
                    "provider": ""
                },
                "aws_iam_policy.recordings_upload_policy": {
                    "type": "aws_iam_policy",
                    "depends_on": [
                        "data.aws_iam_policy_document.recordings_upload_policy_document"
                    ],
                    "primary": {
                        "id": "arn:aws:iam::695924670447:policy/recordings-upload-policy",
                        "attributes": {
                            "arn": "arn:aws:iam::695924670447:policy/recordings-upload-policy",
                            "id": "arn:aws:iam::695924670447:policy/recordings-upload-policy",
                            "name": "recordings-upload-policy",
                            "path": "/",
                            "policy": "{\n  \"Version\": \"2012-10-17\",\n  \"Statement\": [\n    {\n      \"Sid\": \"\",\n      \"Effect\": \"Allow\",\n      \"Action\": \"s3:PutObject\",\n      \"Resource\": \"arn:aws:s3:::cruhl-magic-recordings/*\"\n    }\n  ]\n}"
                        },
                        "meta": {},
                        "tainted": false
                    },
                    "deposed": [],
                    "provider": ""
                },
                "aws_iam_role.default_lambda_role": {
                    "type": "aws_iam_role",
                    "depends_on": [
                        "data.aws_iam_policy_document.default_lambda_role_policy_document"
                    ],
                    "primary": {
                        "id": "lambda-role",
                        "attributes": {
                            "arn": "arn:aws:iam::695924670447:role/lambda-role",
                            "assume_role_policy": "{\"Version\":\"2012-10-17\",\"Statement\":[{\"Sid\":\"\",\"Effect\":\"Allow\",\"Principal\":{\"Service\":\"lambda.amazonaws.com\"},\"Action\":\"sts:AssumeRole\"}]}",
                            "create_date": "2017-10-20T15:41:47Z",
                            "force_detach_policies": "false",
                            "id": "lambda-role",
                            "name": "lambda-role",
                            "path": "/",
                            "unique_id": "AROAJ5WHLE4ENRUMXYJRY"
                        },
                        "meta": {},
                        "tainted": false
                    },
                    "deposed": [],
                    "provider": ""
                },
                "aws_iam_role.recordings_upload_role": {
                    "type": "aws_iam_role",
                    "depends_on": [
                        "data.aws_iam_policy_document.default_lambda_role_policy_document"
                    ],
                    "primary": {
                        "id": "recordings-upload-role",
                        "attributes": {
                            "arn": "arn:aws:iam::695924670447:role/recordings-upload-role",
                            "assume_role_policy": "{\"Version\":\"2012-10-17\",\"Statement\":[{\"Sid\":\"\",\"Effect\":\"Allow\",\"Principal\":{\"Service\":\"lambda.amazonaws.com\"},\"Action\":\"sts:AssumeRole\"}]}",
                            "create_date": "2017-10-20T15:41:47Z",
                            "force_detach_policies": "false",
                            "id": "recordings-upload-role",
                            "name": "recordings-upload-role",
                            "path": "/",
                            "unique_id": "AROAJSACA34BZF6UZ36X6"
                        },
                        "meta": {},
                        "tainted": false
                    },
                    "deposed": [],
                    "provider": ""
                },
                "aws_iam_role_policy_attachment.recordings_upload_role_attachment": {
                    "type": "aws_iam_role_policy_attachment",
                    "depends_on": [
                        "aws_iam_policy.recordings_upload_policy",
                        "aws_iam_role.recordings_upload_role"
                    ],
                    "primary": {
                        "id": "recordings-upload-role-20171020154150197600000001",
                        "attributes": {
                            "id": "recordings-upload-role-20171020154150197600000001",
                            "policy_arn": "arn:aws:iam::695924670447:policy/recordings-upload-policy",
                            "role": "recordings-upload-role"
                        },
                        "meta": {},
                        "tainted": false
                    },
                    "deposed": [],
                    "provider": ""
                },
                "aws_s3_bucket.recordings": {
                    "type": "aws_s3_bucket",
                    "depends_on": [],
                    "primary": {
                        "id": "cruhl-magic-recordings",
                        "attributes": {
                            "acceleration_status": "",
                            "acl": "private",
                            "arn": "arn:aws:s3:::cruhl-magic-recordings",
                            "bucket": "cruhl-magic-recordings",
                            "bucket_domain_name": "cruhl-magic-recordings.s3.amazonaws.com",
                            "force_destroy": "false",
                            "hosted_zone_id": "Z2O1EMRO9K5GLX",
                            "id": "cruhl-magic-recordings",
                            "logging.#": "0",
                            "region": "us-east-2",
                            "request_payer": "BucketOwner",
                            "tags.%": "0",
                            "versioning.#": "1",
                            "versioning.0.enabled": "false",
                            "versioning.0.mfa_delete": "false",
                            "website.#": "0"
                        },
                        "meta": {},
                        "tainted": false
                    },
                    "deposed": [],
                    "provider": ""
                },
                "data.archive_file.lambda_zip_file": {
                    "type": "archive_file",
                    "depends_on": [],
                    "primary": {
                        "id": "04ace5b464003ab029eab3bd814fcbb9bbb3efda",
                        "attributes": {
                            "id": "04ace5b464003ab029eab3bd814fcbb9bbb3efda",
                            "output_base64sha256": "/OgZAZfKp/qFpgzeVLRxnVp2E/0e8uoFRLI/hUj/kf0=",
                            "output_md5": "af2ce09529d6bf335a4c96305befdbd6",
                            "output_path": "../functions/build.zip",
                            "output_sha": "04ace5b464003ab029eab3bd814fcbb9bbb3efda",
                            "output_size": "3822627",
                            "source.#": "0",
                            "source_dir": "../functions/build",
                            "type": "zip"
                        },
                        "meta": {},
                        "tainted": false
                    },
                    "deposed": [],
                    "provider": ""
                },
                "data.aws_iam_policy_document.default_lambda_role_policy_document": {
                    "type": "aws_iam_policy_document",
                    "depends_on": [],
                    "primary": {
                        "id": "3693445097",
                        "attributes": {
                            "id": "3693445097",
                            "json": "{\n  \"Version\": \"2012-10-17\",\n  \"Statement\": [\n    {\n      \"Sid\": \"\",\n      \"Effect\": \"Allow\",\n      \"Action\": \"sts:AssumeRole\",\n      \"Principal\": {\n        \"Service\": \"lambda.amazonaws.com\"\n      }\n    }\n  ]\n}",
                            "statement.#": "1",
                            "statement.0.actions.#": "1",
                            "statement.0.actions.2528466339": "sts:AssumeRole",
                            "statement.0.condition.#": "0",
                            "statement.0.effect": "Allow",
                            "statement.0.not_actions.#": "0",
                            "statement.0.not_principals.#": "0",
                            "statement.0.not_resources.#": "0",
                            "statement.0.principals.#": "1",
                            "statement.0.principals.3118762561.identifiers.#": "1",
                            "statement.0.principals.3118762561.identifiers.2638019528": "lambda.amazonaws.com",
                            "statement.0.principals.3118762561.type": "Service",
                            "statement.0.resources.#": "0",
                            "statement.0.sid": ""
                        },
                        "meta": {},
                        "tainted": false
                    },
                    "deposed": [],
                    "provider": ""
                },
                "data.aws_iam_policy_document.recordings_upload_policy_document": {
                    "type": "aws_iam_policy_document",
                    "depends_on": [
                        "aws_s3_bucket.recordings"
                    ],
                    "primary": {
                        "id": "2587604608",
                        "attributes": {
                            "id": "2587604608",
                            "json": "{\n  \"Version\": \"2012-10-17\",\n  \"Statement\": [\n    {\n      \"Sid\": \"\",\n      \"Effect\": \"Allow\",\n      \"Action\": \"s3:PutObject\",\n      \"Resource\": \"arn:aws:s3:::cruhl-magic-recordings/*\"\n    }\n  ]\n}",
                            "statement.#": "1",
                            "statement.0.actions.#": "1",
                            "statement.0.actions.315547055": "s3:PutObject",
                            "statement.0.condition.#": "0",
                            "statement.0.effect": "Allow",
                            "statement.0.not_actions.#": "0",
                            "statement.0.not_principals.#": "0",
                            "statement.0.not_resources.#": "0",
                            "statement.0.principals.#": "0",
                            "statement.0.resources.#": "1",
                            "statement.0.resources.4027079907": "arn:aws:s3:::cruhl-magic-recordings/*",
                            "statement.0.sid": ""
                        },
                        "meta": {},
                        "tainted": false
                    },
                    "deposed": [],
                    "provider": ""
                }
            },
            "depends_on": []
        },
        {
            "path": [
                "root",
                "endpoint"
            ],
            "outputs": {},
            "resources": {},
            "depends_on": []
        },
        {
            "path": [
                "root",
                "incoming_twilio_call"
            ],
            "outputs": {},
            "resources": {
                "aws_api_gateway_integration.integration": {
                    "type": "aws_api_gateway_integration",
                    "depends_on": [
                        "aws_api_gateway_method.method",
                        "aws_lambda_function.lambda_function"
                    ],
                    "primary": {
                        "id": "agi-0dw5hfj6a1-cb8345-POST",
                        "attributes": {
                            "cache_key_parameters.#": "0",
                            "cache_namespace": "cb8345",
                            "http_method": "POST",
                            "id": "agi-0dw5hfj6a1-cb8345-POST",
                            "integration_http_method": "POST",
                            "passthrough_behavior": "WHEN_NO_MATCH",
                            "request_parameters.%": "0",
                            "request_templates.%": "0",
                            "resource_id": "cb8345",
                            "rest_api_id": "0dw5hfj6a1",
                            "type": "AWS_PROXY",
                            "uri": "arn:aws:apigateway:us-east-2:lambda:path/2015-03-31/functions/arn:aws:lambda:us-east-2:695924670447:function:incoming-twilio-call/invocations"
                        },
                        "meta": {},
                        "tainted": false
                    },
                    "deposed": [],
                    "provider": ""
                },
                "aws_api_gateway_method.method": {
                    "type": "aws_api_gateway_method",
                    "depends_on": [],
                    "primary": {
                        "id": "agm-0dw5hfj6a1-cb8345-POST",
                        "attributes": {
                            "api_key_required": "false",
                            "authorization": "NONE",
                            "authorizer_id": "",
                            "http_method": "POST",
                            "id": "agm-0dw5hfj6a1-cb8345-POST",
                            "request_models.%": "0",
                            "request_parameters.%": "0",
                            "request_validator_id": "",
                            "resource_id": "cb8345",
                            "rest_api_id": "0dw5hfj6a1"
                        },
                        "meta": {},
                        "tainted": false
                    },
                    "deposed": [],
                    "provider": ""
                },
                "aws_lambda_function.lambda_function": {
                    "type": "aws_lambda_function",
                    "depends_on": [],
                    "primary": {
                        "id": "incoming-twilio-call",
                        "attributes": {
                            "arn": "arn:aws:lambda:us-east-2:695924670447:function:incoming-twilio-call",
                            "dead_letter_config.#": "0",
                            "description": "",
                            "environment.#": "1",
                            "environment.0.variables.%": "2",
                            "environment.0.variables.API_SAVE_RECORDING_PATH": "/recordings",
                            "environment.0.variables.API_URL": "https://0dw5hfj6a1.execute-api.us-east-2.amazonaws.com/prod",
                            "filename": "../functions/build.zip",
                            "function_name": "incoming-twilio-call",
                            "handler": "index.incomingTwilioCall",
                            "id": "incoming-twilio-call",
                            "invoke_arn": "arn:aws:apigateway:us-east-2:lambda:path/2015-03-31/functions/arn:aws:lambda:us-east-2:695924670447:function:incoming-twilio-call/invocations",
                            "kms_key_arn": "",
                            "last_modified": "2017-10-20T23:10:52.495+0000",
                            "memory_size": "512",
                            "publish": "false",
                            "qualified_arn": "arn:aws:lambda:us-east-2:695924670447:function:incoming-twilio-call:$LATEST",
                            "role": "arn:aws:iam::695924670447:role/lambda-role",
                            "runtime": "nodejs6.10",
                            "source_code_hash": "/OgZAZfKp/qFpgzeVLRxnVp2E/0e8uoFRLI/hUj/kf0=",
                            "tags.%": "0",
                            "timeout": "3",
                            "tracing_config.#": "1",
                            "tracing_config.0.mode": "PassThrough",
                            "version": "$LATEST",
                            "vpc_config.#": "0"
                        },
                        "meta": {},
                        "tainted": false
                    },
                    "deposed": [],
                    "provider": ""
                },
                "aws_lambda_permission.permission": {
                    "type": "aws_lambda_permission",
                    "depends_on": [
                        "aws_api_gateway_method.method",
                        "aws_lambda_function.lambda_function",
                        "data.aws_caller_identity.current"
                    ],
                    "primary": {
                        "id": "AllowExecutionFromApiGateway",
                        "attributes": {
                            "action": "lambda:InvokeFunction",
                            "function_name": "incoming-twilio-call",
                            "id": "AllowExecutionFromApiGateway",
                            "principal": "apigateway.amazonaws.com",
                            "qualifier": "",
                            "source_arn": "arn:aws:execute-api:us-east-2:695924670447:0dw5hfj6a1/*/POST/calls",
                            "statement_id": "AllowExecutionFromApiGateway"
                        },
                        "meta": {},
                        "tainted": false
                    },
                    "deposed": [],
                    "provider": ""
                },
                "data.aws_caller_identity.current": {
                    "type": "aws_caller_identity",
                    "depends_on": [],
                    "primary": {
                        "id": "2017-10-20 23:10:20.271561612 +0000 UTC",
                        "attributes": {
                            "account_id": "695924670447",
                            "arn": "arn:aws:iam::695924670447:user/terraform",
                            "id": "2017-10-20 23:10:20.271561612 +0000 UTC",
                            "user_id": "AIDAJXP5LFTH5S7N5T6MI"
                        },
                        "meta": {},
                        "tainted": false
                    },
                    "deposed": [],
                    "provider": ""
                }
            },
            "depends_on": []
        },
        {
            "path": [
                "root",
                "save_twilio_call"
            ],
            "outputs": {},
            "resources": {
                "aws_api_gateway_integration.integration": {
                    "type": "aws_api_gateway_integration",
                    "depends_on": [
                        "aws_api_gateway_method.method",
                        "aws_lambda_function.lambda_function"
                    ],
                    "primary": {
                        "id": "agi-0dw5hfj6a1-s91nhq-POST",
                        "attributes": {
                            "cache_key_parameters.#": "0",
                            "cache_namespace": "s91nhq",
                            "http_method": "POST",
                            "id": "agi-0dw5hfj6a1-s91nhq-POST",
                            "integration_http_method": "POST",
                            "passthrough_behavior": "WHEN_NO_MATCH",
                            "request_parameters.%": "0",
                            "request_templates.%": "0",
                            "resource_id": "s91nhq",
                            "rest_api_id": "0dw5hfj6a1",
                            "type": "AWS_PROXY",
                            "uri": "arn:aws:apigateway:us-east-2:lambda:path/2015-03-31/functions/arn:aws:lambda:us-east-2:695924670447:function:save-twilio-call/invocations"
                        },
                        "meta": {},
                        "tainted": false
                    },
                    "deposed": [],
                    "provider": ""
                },
                "aws_api_gateway_method.method": {
                    "type": "aws_api_gateway_method",
                    "depends_on": [],
                    "primary": {
                        "id": "agm-0dw5hfj6a1-s91nhq-POST",
                        "attributes": {
                            "api_key_required": "false",
                            "authorization": "NONE",
                            "authorizer_id": "",
                            "http_method": "POST",
                            "id": "agm-0dw5hfj6a1-s91nhq-POST",
                            "request_models.%": "0",
                            "request_parameters.%": "0",
                            "request_validator_id": "",
                            "resource_id": "s91nhq",
                            "rest_api_id": "0dw5hfj6a1"
                        },
                        "meta": {},
                        "tainted": false
                    },
                    "deposed": [],
                    "provider": ""
                },
                "aws_lambda_function.lambda_function": {
                    "type": "aws_lambda_function",
                    "depends_on": [],
                    "primary": {
                        "id": "save-twilio-call",
                        "attributes": {
                            "arn": "arn:aws:lambda:us-east-2:695924670447:function:save-twilio-call",
                            "dead_letter_config.#": "0",
                            "description": "",
                            "environment.#": "1",
                            "environment.0.variables.%": "1",
                            "environment.0.variables.RECORDINGS_S3_BUCKET_ID": "cruhl-magic-recordings",
                            "filename": "../functions/build.zip",
                            "function_name": "save-twilio-call",
                            "handler": "index.saveTwilioCall",
                            "id": "save-twilio-call",
                            "invoke_arn": "arn:aws:apigateway:us-east-2:lambda:path/2015-03-31/functions/arn:aws:lambda:us-east-2:695924670447:function:save-twilio-call/invocations",
                            "kms_key_arn": "",
                            "last_modified": "2017-10-20T23:11:06.176+0000",
                            "memory_size": "512",
                            "publish": "false",
                            "qualified_arn": "arn:aws:lambda:us-east-2:695924670447:function:save-twilio-call:$LATEST",
                            "role": "arn:aws:iam::695924670447:role/recordings-upload-role",
                            "runtime": "nodejs6.10",
                            "source_code_hash": "/OgZAZfKp/qFpgzeVLRxnVp2E/0e8uoFRLI/hUj/kf0=",
                            "tags.%": "0",
                            "timeout": "3",
                            "tracing_config.#": "1",
                            "tracing_config.0.mode": "PassThrough",
                            "version": "$LATEST",
                            "vpc_config.#": "0"
                        },
                        "meta": {},
                        "tainted": false
                    },
                    "deposed": [],
                    "provider": ""
                },
                "aws_lambda_permission.permission": {
                    "type": "aws_lambda_permission",
                    "depends_on": [
                        "aws_api_gateway_method.method",
                        "aws_lambda_function.lambda_function",
                        "data.aws_caller_identity.current"
                    ],
                    "primary": {
                        "id": "AllowExecutionFromApiGateway",
                        "attributes": {
                            "action": "lambda:InvokeFunction",
                            "function_name": "save-twilio-call",
                            "id": "AllowExecutionFromApiGateway",
                            "principal": "apigateway.amazonaws.com",
                            "qualifier": "",
                            "source_arn": "arn:aws:execute-api:us-east-2:695924670447:0dw5hfj6a1/*/POST/recordings",
                            "statement_id": "AllowExecutionFromApiGateway"
                        },
                        "meta": {},
                        "tainted": false
                    },
                    "deposed": [],
                    "provider": ""
                },
                "data.aws_caller_identity.current": {
                    "type": "aws_caller_identity",
                    "depends_on": [],
                    "primary": {
                        "id": "2017-10-20 23:10:20.264250666 +0000 UTC",
                        "attributes": {
                            "account_id": "695924670447",
                            "arn": "arn:aws:iam::695924670447:user/terraform",
                            "id": "2017-10-20 23:10:20.264250666 +0000 UTC",
                            "user_id": "AIDAJXP5LFTH5S7N5T6MI"
                        },
                        "meta": {},
                        "tainted": false
                    },
                    "deposed": [],
                    "provider": ""
                }
            },
            "depends_on": []
        }
    ]
}
